
Microsoft Visual Studio Solution File, Format Version 12.00
# Visual Studio Version 17
VisualStudioVersion = 17.1.32210.238
MinimumVisualStudioVersion = 10.0.40219.1
Project("{FAE04EC0-301F-11D3-BF4B-00C04F79EFBC}") = "z1", "z1\z1.csproj", "{ABB2D463-2929-464D-9E60-2357C928BA05}"
EndProject
Project("{FAE04EC0-301F-11D3-BF4B-00C04F79EFBC}") = "z2", "z2\z2.csproj", "{70E08ECB-116A-4276-B82A-115C16A048F6}"
EndProject
Global
	GlobalSection(SolutionConfigurationPlatforms) = preSolution
		Debug|Any CPU = Debug|Any CPU
		Release|Any CPU = Release|Any CPU
	EndGlobalSection
	GlobalSection(ProjectConfigurationPlatforms) = postSolution
		{ABB2D463-2929-464D-9E60-2357C928BA05}.Debug|Any CPU.ActiveCfg = Debug|Any CPU
		{ABB2D463-2929-464D-9E60-2357C928BA05}.Debug|Any CPU.Build.0 = Debug|Any CPU
		{ABB2D463-2929-464D-9E60-2357C928BA05}.Release|Any CPU.ActiveCfg = Release|Any CPU
		{ABB2D463-2929-464D-9E60-2357C928BA05}.Release|Any CPU.Build.0 = Release|Any CPU
		{70E08ECB-116A-4276-B82A-115C16A048F6}.Debug|Any CPU.ActiveCfg = Debug|Any CPU
		{70E08ECB-116A-4276-B82A-115C16A048F6}.Debug|Any CPU.Build.0 = Debug|Any CPU
		{70E08ECB-116A-4276-B82A-115C16A048F6}.Release|Any CPU.ActiveCfg = Release|Any CPU
		{70E08ECB-116A-4276-B82A-115C16A048F6}.Release|Any CPU.Build.0 = Release|Any CPU
	EndGlobalSection
	GlobalSection(SolutionProperties) = preSolution
		HideSolutionNode = FALSE
	EndGlobalSection
	GlobalSection(ExtensibilityGlobals) = postSolution
		SolutionGuid = {36CC60E8-39E7-45FA-8C77-D0A97F9F1D04}
	EndGlobalSection
EndGlobal
