
Microsoft Visual Studio Solution File, Format Version 12.00
# Visual Studio Version 17
VisualStudioVersion = 17.1.32210.238
MinimumVisualStudioVersion = 10.0.40219.1
Project("{FAE04EC0-301F-11D3-BF4B-00C04F79EFBC}") = "z1", "z1\z1.csproj", "{55BB0E2F-D978-4F33-ADE4-41F079A47E70}"
EndProject
Project("{FAE04EC0-301F-11D3-BF4B-00C04F79EFBC}") = "z2", "z2\z2.csproj", "{84EFFCBF-7492-4F9B-A9F3-A5302AB02101}"
EndProject
Global
	GlobalSection(SolutionConfigurationPlatforms) = preSolution
		Debug|Any CPU = Debug|Any CPU
		Release|Any CPU = Release|Any CPU
	EndGlobalSection
	GlobalSection(ProjectConfigurationPlatforms) = postSolution
		{55BB0E2F-D978-4F33-ADE4-41F079A47E70}.Debug|Any CPU.ActiveCfg = Debug|Any CPU
		{55BB0E2F-D978-4F33-ADE4-41F079A47E70}.Debug|Any CPU.Build.0 = Debug|Any CPU
		{55BB0E2F-D978-4F33-ADE4-41F079A47E70}.Release|Any CPU.ActiveCfg = Release|Any CPU
		{55BB0E2F-D978-4F33-ADE4-41F079A47E70}.Release|Any CPU.Build.0 = Release|Any CPU
		{84EFFCBF-7492-4F9B-A9F3-A5302AB02101}.Debug|Any CPU.ActiveCfg = Debug|Any CPU
		{84EFFCBF-7492-4F9B-A9F3-A5302AB02101}.Debug|Any CPU.Build.0 = Debug|Any CPU
		{84EFFCBF-7492-4F9B-A9F3-A5302AB02101}.Release|Any CPU.ActiveCfg = Release|Any CPU
		{84EFFCBF-7492-4F9B-A9F3-A5302AB02101}.Release|Any CPU.Build.0 = Release|Any CPU
	EndGlobalSection
	GlobalSection(SolutionProperties) = preSolution
		HideSolutionNode = FALSE
	EndGlobalSection
	GlobalSection(ExtensibilityGlobals) = postSolution
		SolutionGuid = {4B83DA5E-D001-4370-BB47-D514915F8612}
	EndGlobalSection
EndGlobal
