
Microsoft Visual Studio Solution File, Format Version 12.00
# Visual Studio Version 17
VisualStudioVersion = 17.1.32210.238
MinimumVisualStudioVersion = 10.0.40219.1
Project("{FAE04EC0-301F-11D3-BF4B-00C04F79EFBC}") = "z1", "z1\z1.csproj", "{3552198A-D4DE-4319-9E9A-5C7836E08C82}"
EndProject
Project("{FAE04EC0-301F-11D3-BF4B-00C04F79EFBC}") = "z2", "z2\z2.csproj", "{059BBA06-9189-460D-9C36-2BD5822C17C7}"
EndProject
Project("{FAE04EC0-301F-11D3-BF4B-00C04F79EFBC}") = "z3", "z3\z3.csproj", "{3946D604-A4C0-45F2-BEB8-38F56ECF7294}"
EndProject
Global
	GlobalSection(SolutionConfigurationPlatforms) = preSolution
		Debug|Any CPU = Debug|Any CPU
		Release|Any CPU = Release|Any CPU
	EndGlobalSection
	GlobalSection(ProjectConfigurationPlatforms) = postSolution
		{3552198A-D4DE-4319-9E9A-5C7836E08C82}.Debug|Any CPU.ActiveCfg = Debug|Any CPU
		{3552198A-D4DE-4319-9E9A-5C7836E08C82}.Debug|Any CPU.Build.0 = Debug|Any CPU
		{3552198A-D4DE-4319-9E9A-5C7836E08C82}.Release|Any CPU.ActiveCfg = Release|Any CPU
		{3552198A-D4DE-4319-9E9A-5C7836E08C82}.Release|Any CPU.Build.0 = Release|Any CPU
		{059BBA06-9189-460D-9C36-2BD5822C17C7}.Debug|Any CPU.ActiveCfg = Debug|Any CPU
		{059BBA06-9189-460D-9C36-2BD5822C17C7}.Debug|Any CPU.Build.0 = Debug|Any CPU
		{059BBA06-9189-460D-9C36-2BD5822C17C7}.Release|Any CPU.ActiveCfg = Release|Any CPU
		{059BBA06-9189-460D-9C36-2BD5822C17C7}.Release|Any CPU.Build.0 = Release|Any CPU
		{3946D604-A4C0-45F2-BEB8-38F56ECF7294}.Debug|Any CPU.ActiveCfg = Debug|Any CPU
		{3946D604-A4C0-45F2-BEB8-38F56ECF7294}.Debug|Any CPU.Build.0 = Debug|Any CPU
		{3946D604-A4C0-45F2-BEB8-38F56ECF7294}.Release|Any CPU.ActiveCfg = Release|Any CPU
		{3946D604-A4C0-45F2-BEB8-38F56ECF7294}.Release|Any CPU.Build.0 = Release|Any CPU
	EndGlobalSection
	GlobalSection(SolutionProperties) = preSolution
		HideSolutionNode = FALSE
	EndGlobalSection
	GlobalSection(ExtensibilityGlobals) = postSolution
		SolutionGuid = {2106C776-744B-4A3B-B4D9-8C0BDE22EA6F}
	EndGlobalSection
EndGlobal
