
Microsoft Visual Studio Solution File, Format Version 12.00
# Visual Studio Version 17
VisualStudioVersion = 17.1.32210.238
MinimumVisualStudioVersion = 10.0.40219.1
Project("{FAE04EC0-301F-11D3-BF4B-00C04F79EFBC}") = "z1", "z1\z1.csproj", "{7E1EBD32-733B-4C13-95D9-32D4D0A76198}"
EndProject
Global
	GlobalSection(SolutionConfigurationPlatforms) = preSolution
		Debug|Any CPU = Debug|Any CPU
		Release|Any CPU = Release|Any CPU
	EndGlobalSection
	GlobalSection(ProjectConfigurationPlatforms) = postSolution
		{7E1EBD32-733B-4C13-95D9-32D4D0A76198}.Debug|Any CPU.ActiveCfg = Debug|Any CPU
		{7E1EBD32-733B-4C13-95D9-32D4D0A76198}.Debug|Any CPU.Build.0 = Debug|Any CPU
		{7E1EBD32-733B-4C13-95D9-32D4D0A76198}.Release|Any CPU.ActiveCfg = Release|Any CPU
		{7E1EBD32-733B-4C13-95D9-32D4D0A76198}.Release|Any CPU.Build.0 = Release|Any CPU
	EndGlobalSection
	GlobalSection(SolutionProperties) = preSolution
		HideSolutionNode = FALSE
	EndGlobalSection
	GlobalSection(ExtensibilityGlobals) = postSolution
		SolutionGuid = {6BA13584-8A40-4537-8B30-250E1C3A660A}
	EndGlobalSection
EndGlobal
