
Microsoft Visual Studio Solution File, Format Version 12.00
# Visual Studio Version 17
VisualStudioVersion = 17.1.32210.238
MinimumVisualStudioVersion = 10.0.40219.1
Project("{FAE04EC0-301F-11D3-BF4B-00C04F79EFBC}") = "z1", "z1\z1.csproj", "{533A4E04-C43D-4BC3-9B91-5F7AEBF11258}"
EndProject
Project("{FAE04EC0-301F-11D3-BF4B-00C04F79EFBC}") = "z2", "z2\z2.csproj", "{DD311E3F-7823-4DE9-973F-C504CBCAC30B}"
EndProject
Project("{FAE04EC0-301F-11D3-BF4B-00C04F79EFBC}") = "z3", "z3\z3.csproj", "{8235E6B7-FA33-4FE2-BC94-FCE60E972160}"
EndProject
Project("{FAE04EC0-301F-11D3-BF4B-00C04F79EFBC}") = "z4", "z4\z4.csproj", "{CBBDB74E-9FE8-4007-9F87-C43D17C3CCFD}"
EndProject
Global
	GlobalSection(SolutionConfigurationPlatforms) = preSolution
		Debug|Any CPU = Debug|Any CPU
		Release|Any CPU = Release|Any CPU
	EndGlobalSection
	GlobalSection(ProjectConfigurationPlatforms) = postSolution
		{533A4E04-C43D-4BC3-9B91-5F7AEBF11258}.Debug|Any CPU.ActiveCfg = Debug|Any CPU
		{533A4E04-C43D-4BC3-9B91-5F7AEBF11258}.Debug|Any CPU.Build.0 = Debug|Any CPU
		{533A4E04-C43D-4BC3-9B91-5F7AEBF11258}.Release|Any CPU.ActiveCfg = Release|Any CPU
		{533A4E04-C43D-4BC3-9B91-5F7AEBF11258}.Release|Any CPU.Build.0 = Release|Any CPU
		{DD311E3F-7823-4DE9-973F-C504CBCAC30B}.Debug|Any CPU.ActiveCfg = Debug|Any CPU
		{DD311E3F-7823-4DE9-973F-C504CBCAC30B}.Debug|Any CPU.Build.0 = Debug|Any CPU
		{DD311E3F-7823-4DE9-973F-C504CBCAC30B}.Release|Any CPU.ActiveCfg = Release|Any CPU
		{DD311E3F-7823-4DE9-973F-C504CBCAC30B}.Release|Any CPU.Build.0 = Release|Any CPU
		{8235E6B7-FA33-4FE2-BC94-FCE60E972160}.Debug|Any CPU.ActiveCfg = Debug|Any CPU
		{8235E6B7-FA33-4FE2-BC94-FCE60E972160}.Debug|Any CPU.Build.0 = Debug|Any CPU
		{8235E6B7-FA33-4FE2-BC94-FCE60E972160}.Release|Any CPU.ActiveCfg = Release|Any CPU
		{8235E6B7-FA33-4FE2-BC94-FCE60E972160}.Release|Any CPU.Build.0 = Release|Any CPU
		{CBBDB74E-9FE8-4007-9F87-C43D17C3CCFD}.Debug|Any CPU.ActiveCfg = Debug|Any CPU
		{CBBDB74E-9FE8-4007-9F87-C43D17C3CCFD}.Debug|Any CPU.Build.0 = Debug|Any CPU
		{CBBDB74E-9FE8-4007-9F87-C43D17C3CCFD}.Release|Any CPU.ActiveCfg = Release|Any CPU
		{CBBDB74E-9FE8-4007-9F87-C43D17C3CCFD}.Release|Any CPU.Build.0 = Release|Any CPU
	EndGlobalSection
	GlobalSection(SolutionProperties) = preSolution
		HideSolutionNode = FALSE
	EndGlobalSection
	GlobalSection(ExtensibilityGlobals) = postSolution
		SolutionGuid = {4AEC9570-5F14-4084-B288-872D05778B8A}
	EndGlobalSection
EndGlobal
