
Microsoft Visual Studio Solution File, Format Version 12.00
# Visual Studio Version 17
VisualStudioVersion = 17.1.32210.238
MinimumVisualStudioVersion = 10.0.40219.1
Project("{FAE04EC0-301F-11D3-BF4B-00C04F79EFBC}") = "z1", "z1\z1.csproj", "{9229DCA3-CD16-4002-B27B-021E794F1F08}"
EndProject
Project("{FAE04EC0-301F-11D3-BF4B-00C04F79EFBC}") = "z2", "z2\z2.csproj", "{0D01E11D-19BD-4F62-890E-2137D7C39D44}"
EndProject
Global
	GlobalSection(SolutionConfigurationPlatforms) = preSolution
		Debug|Any CPU = Debug|Any CPU
		Release|Any CPU = Release|Any CPU
	EndGlobalSection
	GlobalSection(ProjectConfigurationPlatforms) = postSolution
		{9229DCA3-CD16-4002-B27B-021E794F1F08}.Debug|Any CPU.ActiveCfg = Debug|Any CPU
		{9229DCA3-CD16-4002-B27B-021E794F1F08}.Debug|Any CPU.Build.0 = Debug|Any CPU
		{9229DCA3-CD16-4002-B27B-021E794F1F08}.Release|Any CPU.ActiveCfg = Release|Any CPU
		{9229DCA3-CD16-4002-B27B-021E794F1F08}.Release|Any CPU.Build.0 = Release|Any CPU
		{0D01E11D-19BD-4F62-890E-2137D7C39D44}.Debug|Any CPU.ActiveCfg = Debug|Any CPU
		{0D01E11D-19BD-4F62-890E-2137D7C39D44}.Debug|Any CPU.Build.0 = Debug|Any CPU
		{0D01E11D-19BD-4F62-890E-2137D7C39D44}.Release|Any CPU.ActiveCfg = Release|Any CPU
		{0D01E11D-19BD-4F62-890E-2137D7C39D44}.Release|Any CPU.Build.0 = Release|Any CPU
	EndGlobalSection
	GlobalSection(SolutionProperties) = preSolution
		HideSolutionNode = FALSE
	EndGlobalSection
	GlobalSection(ExtensibilityGlobals) = postSolution
		SolutionGuid = {17478D01-00BE-4B26-B4E1-CBF2BBB26532}
	EndGlobalSection
EndGlobal
