
Microsoft Visual Studio Solution File, Format Version 12.00
# Visual Studio Version 17
VisualStudioVersion = 17.1.32210.238
MinimumVisualStudioVersion = 10.0.40219.1
Project("{9A19103F-16F7-4668-BE54-9A1E7A4F7556}") = "z1", "z1\z1.csproj", "{F871413E-1363-4407-A9D4-3FC38AE517AB}"
EndProject
Project("{9A19103F-16F7-4668-BE54-9A1E7A4F7556}") = "z3", "z3\z3.csproj", "{376D3E9E-D575-4F77-9227-4B5E8F196A9F}"
EndProject
Project("{FAE04EC0-301F-11D3-BF4B-00C04F79EFBC}") = "z2", "z2\z2.csproj", "{48E943D9-B8BB-4C7D-9265-EBDB8234AF30}"
EndProject
Project("{FAE04EC0-301F-11D3-BF4B-00C04F79EFBC}") = "z4", "z4\z4.csproj", "{730AE310-D3FA-482C-9EF1-55F1477F75D4}"
EndProject
Project("{FAE04EC0-301F-11D3-BF4B-00C04F79EFBC}") = "z5", "z5\z5.csproj", "{D99D6872-06AA-416D-94B6-A66516BC13D8}"
EndProject
Global
	GlobalSection(SolutionConfigurationPlatforms) = preSolution
		Debug|Any CPU = Debug|Any CPU
		Release|Any CPU = Release|Any CPU
	EndGlobalSection
	GlobalSection(ProjectConfigurationPlatforms) = postSolution
		{F871413E-1363-4407-A9D4-3FC38AE517AB}.Debug|Any CPU.ActiveCfg = Debug|Any CPU
		{F871413E-1363-4407-A9D4-3FC38AE517AB}.Debug|Any CPU.Build.0 = Debug|Any CPU
		{F871413E-1363-4407-A9D4-3FC38AE517AB}.Release|Any CPU.ActiveCfg = Release|Any CPU
		{F871413E-1363-4407-A9D4-3FC38AE517AB}.Release|Any CPU.Build.0 = Release|Any CPU
		{376D3E9E-D575-4F77-9227-4B5E8F196A9F}.Debug|Any CPU.ActiveCfg = Debug|Any CPU
		{376D3E9E-D575-4F77-9227-4B5E8F196A9F}.Debug|Any CPU.Build.0 = Debug|Any CPU
		{376D3E9E-D575-4F77-9227-4B5E8F196A9F}.Release|Any CPU.ActiveCfg = Release|Any CPU
		{376D3E9E-D575-4F77-9227-4B5E8F196A9F}.Release|Any CPU.Build.0 = Release|Any CPU
		{48E943D9-B8BB-4C7D-9265-EBDB8234AF30}.Debug|Any CPU.ActiveCfg = Debug|Any CPU
		{48E943D9-B8BB-4C7D-9265-EBDB8234AF30}.Debug|Any CPU.Build.0 = Debug|Any CPU
		{48E943D9-B8BB-4C7D-9265-EBDB8234AF30}.Release|Any CPU.ActiveCfg = Release|Any CPU
		{48E943D9-B8BB-4C7D-9265-EBDB8234AF30}.Release|Any CPU.Build.0 = Release|Any CPU
		{730AE310-D3FA-482C-9EF1-55F1477F75D4}.Debug|Any CPU.ActiveCfg = Debug|Any CPU
		{730AE310-D3FA-482C-9EF1-55F1477F75D4}.Debug|Any CPU.Build.0 = Debug|Any CPU
		{730AE310-D3FA-482C-9EF1-55F1477F75D4}.Release|Any CPU.ActiveCfg = Release|Any CPU
		{730AE310-D3FA-482C-9EF1-55F1477F75D4}.Release|Any CPU.Build.0 = Release|Any CPU
		{D99D6872-06AA-416D-94B6-A66516BC13D8}.Debug|Any CPU.ActiveCfg = Debug|Any CPU
		{D99D6872-06AA-416D-94B6-A66516BC13D8}.Debug|Any CPU.Build.0 = Debug|Any CPU
		{D99D6872-06AA-416D-94B6-A66516BC13D8}.Release|Any CPU.ActiveCfg = Release|Any CPU
		{D99D6872-06AA-416D-94B6-A66516BC13D8}.Release|Any CPU.Build.0 = Release|Any CPU
	EndGlobalSection
	GlobalSection(SolutionProperties) = preSolution
		HideSolutionNode = FALSE
	EndGlobalSection
	GlobalSection(ExtensibilityGlobals) = postSolution
		SolutionGuid = {F297EF2B-8765-49FE-9048-54BAF42E63B9}
	EndGlobalSection
EndGlobal
