
Microsoft Visual Studio Solution File, Format Version 12.00
# Visual Studio Version 17
VisualStudioVersion = 17.1.32210.238
MinimumVisualStudioVersion = 10.0.40219.1
Project("{FAE04EC0-301F-11D3-BF4B-00C04F79EFBC}") = "z1", "z1\z1.csproj", "{8A7FD296-C6EE-42E1-85C8-1A568B7CCA2C}"
EndProject
Project("{FAE04EC0-301F-11D3-BF4B-00C04F79EFBC}") = "z2", "z2\z2.csproj", "{14F08702-956E-4BC0-8CDE-527E4CEB08AE}"
EndProject
Project("{FAE04EC0-301F-11D3-BF4B-00C04F79EFBC}") = "z3", "z3\z3.csproj", "{08FF77C5-18AD-449F-8C95-F81204485279}"
EndProject
Project("{FAE04EC0-301F-11D3-BF4B-00C04F79EFBC}") = "z4", "z4\z4.csproj", "{18300CDE-37CC-4870-BA9B-8131838903F0}"
EndProject
Global
	GlobalSection(SolutionConfigurationPlatforms) = preSolution
		Debug|Any CPU = Debug|Any CPU
		Release|Any CPU = Release|Any CPU
	EndGlobalSection
	GlobalSection(ProjectConfigurationPlatforms) = postSolution
		{8A7FD296-C6EE-42E1-85C8-1A568B7CCA2C}.Debug|Any CPU.ActiveCfg = Debug|Any CPU
		{8A7FD296-C6EE-42E1-85C8-1A568B7CCA2C}.Debug|Any CPU.Build.0 = Debug|Any CPU
		{8A7FD296-C6EE-42E1-85C8-1A568B7CCA2C}.Release|Any CPU.ActiveCfg = Release|Any CPU
		{8A7FD296-C6EE-42E1-85C8-1A568B7CCA2C}.Release|Any CPU.Build.0 = Release|Any CPU
		{14F08702-956E-4BC0-8CDE-527E4CEB08AE}.Debug|Any CPU.ActiveCfg = Debug|Any CPU
		{14F08702-956E-4BC0-8CDE-527E4CEB08AE}.Debug|Any CPU.Build.0 = Debug|Any CPU
		{14F08702-956E-4BC0-8CDE-527E4CEB08AE}.Release|Any CPU.ActiveCfg = Release|Any CPU
		{14F08702-956E-4BC0-8CDE-527E4CEB08AE}.Release|Any CPU.Build.0 = Release|Any CPU
		{08FF77C5-18AD-449F-8C95-F81204485279}.Debug|Any CPU.ActiveCfg = Debug|Any CPU
		{08FF77C5-18AD-449F-8C95-F81204485279}.Debug|Any CPU.Build.0 = Debug|Any CPU
		{08FF77C5-18AD-449F-8C95-F81204485279}.Release|Any CPU.ActiveCfg = Release|Any CPU
		{08FF77C5-18AD-449F-8C95-F81204485279}.Release|Any CPU.Build.0 = Release|Any CPU
		{18300CDE-37CC-4870-BA9B-8131838903F0}.Debug|Any CPU.ActiveCfg = Debug|Any CPU
		{18300CDE-37CC-4870-BA9B-8131838903F0}.Debug|Any CPU.Build.0 = Debug|Any CPU
		{18300CDE-37CC-4870-BA9B-8131838903F0}.Release|Any CPU.ActiveCfg = Release|Any CPU
		{18300CDE-37CC-4870-BA9B-8131838903F0}.Release|Any CPU.Build.0 = Release|Any CPU
	EndGlobalSection
	GlobalSection(SolutionProperties) = preSolution
		HideSolutionNode = FALSE
	EndGlobalSection
	GlobalSection(ExtensibilityGlobals) = postSolution
		SolutionGuid = {963DCA34-88C1-44C0-817F-ACEA60C16C6E}
	EndGlobalSection
EndGlobal
