
Microsoft Visual Studio Solution File, Format Version 12.00
# Visual Studio Version 17
VisualStudioVersion = 17.1.32210.238
MinimumVisualStudioVersion = 10.0.40219.1
Project("{FAE04EC0-301F-11D3-BF4B-00C04F79EFBC}") = "z1", "z1\z1.csproj", "{6BEF2F0E-532C-4280-9887-A3C5BEC2E031}"
EndProject
Project("{FAE04EC0-301F-11D3-BF4B-00C04F79EFBC}") = "z2", "z2\z2.csproj", "{DFD83B01-5371-49CD-A653-33AD0F48A9AF}"
EndProject
Project("{FAE04EC0-301F-11D3-BF4B-00C04F79EFBC}") = "z3", "z3\z3.csproj", "{5BAF1F5C-F956-405E-8177-2CABC8E34380}"
EndProject
Project("{FAE04EC0-301F-11D3-BF4B-00C04F79EFBC}") = "z4", "z4\z4.csproj", "{041FC9B9-3131-4693-BCEC-5C0C0F2BDC73}"
EndProject
Project("{FAE04EC0-301F-11D3-BF4B-00C04F79EFBC}") = "z5", "z5\z5.csproj", "{2C1A4F57-D4AD-4743-BCD9-BF6B93637C25}"
EndProject
Global
	GlobalSection(SolutionConfigurationPlatforms) = preSolution
		Debug|Any CPU = Debug|Any CPU
		Release|Any CPU = Release|Any CPU
	EndGlobalSection
	GlobalSection(ProjectConfigurationPlatforms) = postSolution
		{6BEF2F0E-532C-4280-9887-A3C5BEC2E031}.Debug|Any CPU.ActiveCfg = Debug|Any CPU
		{6BEF2F0E-532C-4280-9887-A3C5BEC2E031}.Debug|Any CPU.Build.0 = Debug|Any CPU
		{6BEF2F0E-532C-4280-9887-A3C5BEC2E031}.Release|Any CPU.ActiveCfg = Release|Any CPU
		{6BEF2F0E-532C-4280-9887-A3C5BEC2E031}.Release|Any CPU.Build.0 = Release|Any CPU
		{DFD83B01-5371-49CD-A653-33AD0F48A9AF}.Debug|Any CPU.ActiveCfg = Debug|Any CPU
		{DFD83B01-5371-49CD-A653-33AD0F48A9AF}.Debug|Any CPU.Build.0 = Debug|Any CPU
		{DFD83B01-5371-49CD-A653-33AD0F48A9AF}.Release|Any CPU.ActiveCfg = Release|Any CPU
		{DFD83B01-5371-49CD-A653-33AD0F48A9AF}.Release|Any CPU.Build.0 = Release|Any CPU
		{5BAF1F5C-F956-405E-8177-2CABC8E34380}.Debug|Any CPU.ActiveCfg = Debug|Any CPU
		{5BAF1F5C-F956-405E-8177-2CABC8E34380}.Debug|Any CPU.Build.0 = Debug|Any CPU
		{5BAF1F5C-F956-405E-8177-2CABC8E34380}.Release|Any CPU.ActiveCfg = Release|Any CPU
		{5BAF1F5C-F956-405E-8177-2CABC8E34380}.Release|Any CPU.Build.0 = Release|Any CPU
		{041FC9B9-3131-4693-BCEC-5C0C0F2BDC73}.Debug|Any CPU.ActiveCfg = Debug|Any CPU
		{041FC9B9-3131-4693-BCEC-5C0C0F2BDC73}.Debug|Any CPU.Build.0 = Debug|Any CPU
		{041FC9B9-3131-4693-BCEC-5C0C0F2BDC73}.Release|Any CPU.ActiveCfg = Release|Any CPU
		{041FC9B9-3131-4693-BCEC-5C0C0F2BDC73}.Release|Any CPU.Build.0 = Release|Any CPU
		{2C1A4F57-D4AD-4743-BCD9-BF6B93637C25}.Debug|Any CPU.ActiveCfg = Debug|Any CPU
		{2C1A4F57-D4AD-4743-BCD9-BF6B93637C25}.Debug|Any CPU.Build.0 = Debug|Any CPU
		{2C1A4F57-D4AD-4743-BCD9-BF6B93637C25}.Release|Any CPU.ActiveCfg = Release|Any CPU
		{2C1A4F57-D4AD-4743-BCD9-BF6B93637C25}.Release|Any CPU.Build.0 = Release|Any CPU
	EndGlobalSection
	GlobalSection(SolutionProperties) = preSolution
		HideSolutionNode = FALSE
	EndGlobalSection
	GlobalSection(ExtensibilityGlobals) = postSolution
		SolutionGuid = {301313E6-8318-4D40-B3D6-2D245788D5CB}
	EndGlobalSection
EndGlobal
