
Microsoft Visual Studio Solution File, Format Version 12.00
# Visual Studio Version 17
VisualStudioVersion = 17.0.32112.339
MinimumVisualStudioVersion = 10.0.40219.1
Project("{FAE04EC0-301F-11D3-BF4B-00C04F79EFBC}") = "num1", "num1\num1.csproj", "{60A0728F-6E52-4ACA-96AB-C49246E81B84}"
EndProject
Project("{930C7802-8A8C-48F9-8165-68863BCCD9DD}") = "SetupProject1", "SetupProject1\SetupProject1.wixproj", "{920D0565-61AE-4D71-89CA-6DD9FB7642F6}"
EndProject
Global
	GlobalSection(SolutionConfigurationPlatforms) = preSolution
		Debug|Any CPU = Debug|Any CPU
		Debug|x86 = Debug|x86
		Release|Any CPU = Release|Any CPU
		Release|x86 = Release|x86
	EndGlobalSection
	GlobalSection(ProjectConfigurationPlatforms) = postSolution
		{60A0728F-6E52-4ACA-96AB-C49246E81B84}.Debug|Any CPU.ActiveCfg = Debug|Any CPU
		{60A0728F-6E52-4ACA-96AB-C49246E81B84}.Debug|Any CPU.Build.0 = Debug|Any CPU
		{60A0728F-6E52-4ACA-96AB-C49246E81B84}.Debug|x86.ActiveCfg = Debug|Any CPU
		{60A0728F-6E52-4ACA-96AB-C49246E81B84}.Debug|x86.Build.0 = Debug|Any CPU
		{60A0728F-6E52-4ACA-96AB-C49246E81B84}.Release|Any CPU.ActiveCfg = Release|Any CPU
		{60A0728F-6E52-4ACA-96AB-C49246E81B84}.Release|Any CPU.Build.0 = Release|Any CPU
		{60A0728F-6E52-4ACA-96AB-C49246E81B84}.Release|x86.ActiveCfg = Release|Any CPU
		{60A0728F-6E52-4ACA-96AB-C49246E81B84}.Release|x86.Build.0 = Release|Any CPU
		{920D0565-61AE-4D71-89CA-6DD9FB7642F6}.Debug|Any CPU.ActiveCfg = Debug|x86
		{920D0565-61AE-4D71-89CA-6DD9FB7642F6}.Debug|Any CPU.Build.0 = Debug|x86
		{920D0565-61AE-4D71-89CA-6DD9FB7642F6}.Debug|x86.ActiveCfg = Debug|x86
		{920D0565-61AE-4D71-89CA-6DD9FB7642F6}.Debug|x86.Build.0 = Debug|x86
		{920D0565-61AE-4D71-89CA-6DD9FB7642F6}.Release|Any CPU.ActiveCfg = Release|x86
		{920D0565-61AE-4D71-89CA-6DD9FB7642F6}.Release|Any CPU.Build.0 = Release|x86
		{920D0565-61AE-4D71-89CA-6DD9FB7642F6}.Release|x86.ActiveCfg = Release|x86
		{920D0565-61AE-4D71-89CA-6DD9FB7642F6}.Release|x86.Build.0 = Release|x86
	EndGlobalSection
	GlobalSection(SolutionProperties) = preSolution
		HideSolutionNode = FALSE
	EndGlobalSection
	GlobalSection(ExtensibilityGlobals) = postSolution
		SolutionGuid = {C8DE787B-580F-4A46-8133-7B44B3BC2514}
	EndGlobalSection
EndGlobal
