
Microsoft Visual Studio Solution File, Format Version 12.00
# Visual Studio Version 17
VisualStudioVersion = 17.1.32210.238
MinimumVisualStudioVersion = 10.0.40219.1
Project("{FAE04EC0-301F-11D3-BF4B-00C04F79EFBC}") = "z1", "z1\z1.csproj", "{3A507D42-C001-48EA-A956-3BBED1E31CD9}"
EndProject
Project("{FAE04EC0-301F-11D3-BF4B-00C04F79EFBC}") = "z2", "z2\z2.csproj", "{C329AA76-4A9C-46A9-94B5-12ED52021B55}"
EndProject
Project("{FAE04EC0-301F-11D3-BF4B-00C04F79EFBC}") = "z3", "z3\z3.csproj", "{8631A32C-F8E6-4B91-B275-20A7AF2993B0}"
EndProject
Project("{FAE04EC0-301F-11D3-BF4B-00C04F79EFBC}") = "z4", "z4\z4.csproj", "{B3620E83-E336-458C-A30F-4E81EDCA4BFA}"
EndProject
Global
	GlobalSection(SolutionConfigurationPlatforms) = preSolution
		Debug|Any CPU = Debug|Any CPU
		Release|Any CPU = Release|Any CPU
	EndGlobalSection
	GlobalSection(ProjectConfigurationPlatforms) = postSolution
		{3A507D42-C001-48EA-A956-3BBED1E31CD9}.Debug|Any CPU.ActiveCfg = Debug|Any CPU
		{3A507D42-C001-48EA-A956-3BBED1E31CD9}.Debug|Any CPU.Build.0 = Debug|Any CPU
		{3A507D42-C001-48EA-A956-3BBED1E31CD9}.Release|Any CPU.ActiveCfg = Release|Any CPU
		{3A507D42-C001-48EA-A956-3BBED1E31CD9}.Release|Any CPU.Build.0 = Release|Any CPU
		{C329AA76-4A9C-46A9-94B5-12ED52021B55}.Debug|Any CPU.ActiveCfg = Debug|Any CPU
		{C329AA76-4A9C-46A9-94B5-12ED52021B55}.Debug|Any CPU.Build.0 = Debug|Any CPU
		{C329AA76-4A9C-46A9-94B5-12ED52021B55}.Release|Any CPU.ActiveCfg = Release|Any CPU
		{C329AA76-4A9C-46A9-94B5-12ED52021B55}.Release|Any CPU.Build.0 = Release|Any CPU
		{8631A32C-F8E6-4B91-B275-20A7AF2993B0}.Debug|Any CPU.ActiveCfg = Debug|Any CPU
		{8631A32C-F8E6-4B91-B275-20A7AF2993B0}.Debug|Any CPU.Build.0 = Debug|Any CPU
		{8631A32C-F8E6-4B91-B275-20A7AF2993B0}.Release|Any CPU.ActiveCfg = Release|Any CPU
		{8631A32C-F8E6-4B91-B275-20A7AF2993B0}.Release|Any CPU.Build.0 = Release|Any CPU
		{B3620E83-E336-458C-A30F-4E81EDCA4BFA}.Debug|Any CPU.ActiveCfg = Debug|Any CPU
		{B3620E83-E336-458C-A30F-4E81EDCA4BFA}.Debug|Any CPU.Build.0 = Debug|Any CPU
		{B3620E83-E336-458C-A30F-4E81EDCA4BFA}.Release|Any CPU.ActiveCfg = Release|Any CPU
		{B3620E83-E336-458C-A30F-4E81EDCA4BFA}.Release|Any CPU.Build.0 = Release|Any CPU
	EndGlobalSection
	GlobalSection(SolutionProperties) = preSolution
		HideSolutionNode = FALSE
	EndGlobalSection
	GlobalSection(ExtensibilityGlobals) = postSolution
		SolutionGuid = {7D49E6C6-1F24-431B-AE86-8D65544C522A}
	EndGlobalSection
EndGlobal
