
Microsoft Visual Studio Solution File, Format Version 12.00
# Visual Studio Version 17
VisualStudioVersion = 17.1.32210.238
MinimumVisualStudioVersion = 10.0.40219.1
Project("{FAE04EC0-301F-11D3-BF4B-00C04F79EFBC}") = "z1", "z1\z1.csproj", "{DE4476E9-2158-4E74-8A35-79C34C34C0D6}"
EndProject
Project("{FAE04EC0-301F-11D3-BF4B-00C04F79EFBC}") = "z2", "z2\z2.csproj", "{17DDD316-487F-4FBF-8A47-3DA8B13B04BB}"
EndProject
Global
	GlobalSection(SolutionConfigurationPlatforms) = preSolution
		Debug|Any CPU = Debug|Any CPU
		Release|Any CPU = Release|Any CPU
	EndGlobalSection
	GlobalSection(ProjectConfigurationPlatforms) = postSolution
		{DE4476E9-2158-4E74-8A35-79C34C34C0D6}.Debug|Any CPU.ActiveCfg = Debug|Any CPU
		{DE4476E9-2158-4E74-8A35-79C34C34C0D6}.Debug|Any CPU.Build.0 = Debug|Any CPU
		{DE4476E9-2158-4E74-8A35-79C34C34C0D6}.Release|Any CPU.ActiveCfg = Release|Any CPU
		{DE4476E9-2158-4E74-8A35-79C34C34C0D6}.Release|Any CPU.Build.0 = Release|Any CPU
		{17DDD316-487F-4FBF-8A47-3DA8B13B04BB}.Debug|Any CPU.ActiveCfg = Debug|Any CPU
		{17DDD316-487F-4FBF-8A47-3DA8B13B04BB}.Debug|Any CPU.Build.0 = Debug|Any CPU
		{17DDD316-487F-4FBF-8A47-3DA8B13B04BB}.Release|Any CPU.ActiveCfg = Release|Any CPU
		{17DDD316-487F-4FBF-8A47-3DA8B13B04BB}.Release|Any CPU.Build.0 = Release|Any CPU
	EndGlobalSection
	GlobalSection(SolutionProperties) = preSolution
		HideSolutionNode = FALSE
	EndGlobalSection
	GlobalSection(ExtensibilityGlobals) = postSolution
		SolutionGuid = {6FC6B3D7-A378-4CB2-B3BC-637F30C88CD9}
	EndGlobalSection
EndGlobal
