
Microsoft Visual Studio Solution File, Format Version 12.00
# Visual Studio Version 17
VisualStudioVersion = 17.1.32210.238
MinimumVisualStudioVersion = 10.0.40219.1
Project("{FAE04EC0-301F-11D3-BF4B-00C04F79EFBC}") = "z1(1)", "z1(1)\z1(1).csproj", "{88CF5E6B-B6E8-43CF-98CE-8FAD9B382127}"
EndProject
Global
	GlobalSection(SolutionConfigurationPlatforms) = preSolution
		Debug|Any CPU = Debug|Any CPU
		Release|Any CPU = Release|Any CPU
	EndGlobalSection
	GlobalSection(ProjectConfigurationPlatforms) = postSolution
		{88CF5E6B-B6E8-43CF-98CE-8FAD9B382127}.Debug|Any CPU.ActiveCfg = Debug|Any CPU
		{88CF5E6B-B6E8-43CF-98CE-8FAD9B382127}.Debug|Any CPU.Build.0 = Debug|Any CPU
		{88CF5E6B-B6E8-43CF-98CE-8FAD9B382127}.Release|Any CPU.ActiveCfg = Release|Any CPU
		{88CF5E6B-B6E8-43CF-98CE-8FAD9B382127}.Release|Any CPU.Build.0 = Release|Any CPU
	EndGlobalSection
	GlobalSection(SolutionProperties) = preSolution
		HideSolutionNode = FALSE
	EndGlobalSection
	GlobalSection(ExtensibilityGlobals) = postSolution
		SolutionGuid = {CD6BE0C6-E440-4D97-B2E2-AFF5BDE6F2C7}
	EndGlobalSection
EndGlobal
